// !$*UTF8*$!
{
	archiveVersion = 1;
	classes = {
	};
	objectVersion = 46;
	objects = {

/* Begin PBXBuildFile section */
		C503D6131E4F8AF6005FCA6F /* main.cpp in Sources */ = {isa = PBXBuildFile; fileRef = C503D6121E4F8AF6005FCA6F /* main.cpp */; };
		C503D61B1E4F8C64005FCA6F /* LottoGenerator.cpp in Sources */ = {isa = PBXBuildFile; fileRef = C503D6191E4F8C63005FCA6F /* LottoGenerator.cpp */; };
		C503D61E1E4F96F9005FCA6F /* Lottery.cpp in Sources */ = {isa = PBXBuildFile; fileRef = C503D61C1E4F96F9005FCA6F /* Lottery.cpp */; };
		C503D6211E4F9780005FCA6F /* LotteryGuess.cpp in Sources */ = {isa = PBXBuildFile; fileRef = C503D61F1E4F9780005FCA6F /* LotteryGuess.cpp */; };
/* End PBXBuildFile section */

/* Begin PBXCopyFilesBuildPhase section */
		C503D60D1E4F8AF6005FCA6F /* CopyFiles */ = {
			isa = PBXCopyFilesBuildPhase;
			buildActionMask = 2147483647;
			dstPath = /usr/share/man/man1/;
			dstSubfolderSpec = 0;
			files = (
			);
			runOnlyForDeploymentPostprocessing = 1;
		};
/* End PBXCopyFilesBuildPhase section */

/* Begin PBXFileReference section */
		C503D60F1E4F8AF6005FCA6F /* LottoOdds */ = {isa = PBXFileReference; explicitFileType = "compiled.mach-o.executable"; includeInIndex = 0; path = LottoOdds; sourceTree = BUILT_PRODUCTS_DIR; };
		C503D6121E4F8AF6005FCA6F /* main.cpp */ = {isa = PBXFileReference; lastKnownFileType = sourcecode.cpp.cpp; path = main.cpp; sourceTree = "<group>"; };
		C503D6191E4F8C63005FCA6F /* LottoGenerator.cpp */ = {isa = PBXFileReference; fileEncoding = 4; lastKnownFileType = sourcecode.cpp.cpp; path = LottoGenerator.cpp; sourceTree = "<group>"; };
		C503D61A1E4F8C64005FCA6F /* LottoGenerator.hpp */ = {isa = PBXFileReference; fileEncoding = 4; lastKnownFileType = sourcecode.cpp.h; path = LottoGenerator.hpp; sourceTree = "<group>"; };
		C503D61C1E4F96F9005FCA6F /* Lottery.cpp */ = {isa = PBXFileReference; fileEncoding = 4; lastKnownFileType = sourcecode.cpp.cpp; path = Lottery.cpp; sourceTree = "<group>"; };
		C503D61D1E4F96F9005FCA6F /* Lottery.hpp */ = {isa = PBXFileReference; fileEncoding = 4; lastKnownFileType = sourcecode.cpp.h; path = Lottery.hpp; sourceTree = "<group>"; };
		C503D61F1E4F9780005FCA6F /* LotteryGuess.cpp */ = {isa = PBXFileReference; fileEncoding = 4; lastKnownFileType = sourcecode.cpp.cpp; path = LotteryGuess.cpp; sourceTree = "<group>"; };
		C503D6201E4F9780005FCA6F /* LotteryGuess.hpp */ = {isa = PBXFileReference; fileEncoding = 4; lastKnownFileType = sourcecode.cpp.h; path = LotteryGuess.hpp; sourceTree = "<group>"; };
/* End PBXFileReference section */

/* Begin PBXFrameworksBuildPhase section */
		C503D60C1E4F8AF6005FCA6F /* Frameworks */ = {
			isa = PBXFrameworksBuildPhase;
			buildActionMask = 2147483647;
			files = (
			);
			runOnlyForDeploymentPostprocessing = 0;
		};
/* End PBXFrameworksBuildPhase section */

/* Begin PBXGroup section */
		C503D6061E4F8AF6005FCA6F = {
			isa = PBXGroup;
			children = (
				C503D6111E4F8AF6005FCA6F /* LottoOdds */,
				C503D6101E4F8AF6005FCA6F /* Products */,
			);
			sourceTree = "<group>";
		};
		C503D6101E4F8AF6005FCA6F /* Products */ = {
			isa = PBXGroup;
			children = (
				C503D60F1E4F8AF6005FCA6F /* LottoOdds */,
			);
			name = Products;
			sourceTree = "<group>";
		};
		C503D6111E4F8AF6005FCA6F /* LottoOdds */ = {
			isa = PBXGroup;
			children = (
				C503D6121E4F8AF6005FCA6F /* main.cpp */,
				C503D6191E4F8C63005FCA6F /* LottoGenerator.cpp */,
				C503D61A1E4F8C64005FCA6F /* LottoGenerator.hpp */,
				C503D61F1E4F9780005FCA6F /* LotteryGuess.cpp */,
				C503D6201E4F9780005FCA6F /* LotteryGuess.hpp */,
				C503D61C1E4F96F9005FCA6F /* Lottery.cpp */,
				C503D61D1E4F96F9005FCA6F /* Lottery.hpp */,
			);
			path = LottoOdds;
			sourceTree = "<group>";
		};
/* End PBXGroup section */

/* Begin PBXNativeTarget section */
		C503D60E1E4F8AF6005FCA6F /* LottoOdds */ = {
			isa = PBXNativeTarget;
			buildConfigurationList = C503D6161E4F8AF6005FCA6F /* Build configuration list for PBXNativeTarget "LottoOdds" */;
			buildPhases = (
				C503D60B1E4F8AF6005FCA6F /* Sources */,
				C503D60C1E4F8AF6005FCA6F /* Frameworks */,
				C503D60D1E4F8AF6005FCA6F /* CopyFiles */,
			);
			buildRules = (
			);
			dependencies = (
			);
			name = LottoOdds;
			productName = LottoOdds;
			productReference = C503D60F1E4F8AF6005FCA6F /* LottoOdds */;
			productType = "com.apple.product-type.tool";
		};
/* End PBXNativeTarget section */

/* Begin PBXProject section */
		C503D6071E4F8AF6005FCA6F /* Project object */ = {
			isa = PBXProject;
			attributes = {
				LastUpgradeCheck = 0820;
				ORGANIZATIONNAME = "Chris Chaffey";
				TargetAttributes = {
					C503D60E1E4F8AF6005FCA6F = {
						CreatedOnToolsVersion = 8.2.1;
						ProvisioningStyle = Automatic;
					};
				};
			};
			buildConfigurationList = C503D60A1E4F8AF6005FCA6F /* Build configuration list for PBXProject "LottoOdds" */;
			compatibilityVersion = "Xcode 3.2";
			developmentRegion = English;
			hasScannedForEncodings = 0;
			knownRegions = (
				en,
			);
			mainGroup = C503D6061E4F8AF6005FCA6F;
			productRefGroup = C503D6101E4F8AF6005FCA6F /* Products */;
			projectDirPath = "";
			projectRoot = "";
			targets = (
				C503D60E1E4F8AF6005FCA6F /* LottoOdds */,
			);
		};
/* End PBXProject section */

/* Begin PBXSourcesBuildPhase section */
		C503D60B1E4F8AF6005FCA6F /* Sources */ = {
			isa = PBXSourcesBuildPhase;
			buildActionMask = 2147483647;
			files = (
				C503D61E1E4F96F9005FCA6F /* Lottery.cpp in Sources */,
				C503D61B1E4F8C64005FCA6F /* LottoGenerator.cpp in Sources */,
				C503D6131E4F8AF6005FCA6F /* main.cpp in Sources */,
				C503D6211E4F9780005FCA6F /* LotteryGuess.cpp in Sources */,
			);
			runOnlyForDeploymentPostprocessing = 0;
		};
/* End PBXSourcesBuildPhase section */

/* Begin XCBuildConfiguration section */
		C503D6141E4F8AF6005FCA6F /* Debug */ = {
			isa = XCBuildConfiguration;
			buildSettings = {
				ALWAYS_SEARCH_USER_PATHS = NO;
				CLANG_ANALYZER_NONNULL = YES;
				CLANG_CXX_LANGUAGE_STANDARD = "c++14";
				CLANG_CXX_LIBRARY = "libc++";
				CLANG_ENABLE_MODULES = YES;
				CLANG_ENABLE_OBJC_ARC = YES;
				CLANG_WARN_BOOL_CONVERSION = YES;
				CLANG_WARN_CONSTANT_CONVERSION = YES;
				CLANG_WARN_DIRECT_OBJC_ISA_USAGE = YES_ERROR;
				CLANG_WARN_DOCUMENTATION_COMMENTS = YES;
				CLANG_WARN_EMPTY_BODY = YES;
				CLANG_WARN_ENUM_CONVERSION = YES;
				CLANG_WARN_INFINITE_RECURSION = YES;
				CLANG_WARN_INT_CONVERSION = YES;
				CLANG_WARN_OBJC_ROOT_CLASS = YES_ERROR;
				CLANG_WARN_SUSPICIOUS_MOVE = YES;
				CLANG_WARN_UNREACHABLE_CODE = YES;
				CLANG_WARN__DUPLICATE_METHOD_MATCH = YES;
				CODE_SIGN_IDENTITY = "-";
				COPY_PHASE_STRIP = NO;
				DEBUG_INFORMATION_FORMAT = dwarf;
				ENABLE_STRICT_OBJC_MSGSEND = YES;
				ENABLE_TESTABILITY = YES;
				GCC_C_LANGUAGE_STANDARD = gnu99;
				GCC_DYNAMIC_NO_PIC = NO;
				GCC_NO_COMMON_BLOCKS = YES;
				GCC_OPTIMIZATION_LEVEL = 0;
				GCC_PREPROCESSOR_DEFINITIONS = (
					"DEBUG=1",
					"$(inherited)",
				);
				GCC_WARN_64_TO_32_BIT_CONVERSION = YES;
				GCC_WARN_ABOUT_RETURN_TYPE = YES_ERROR;
				GCC_WARN_UNDECLARED_SELECTOR = YES;
				GCC_WARN_UNINITIALIZED_AUTOS = YES_AGGRESSIVE;
				GCC_WARN_UNUSED_FUNCTION = YES;
				GCC_WARN_UNUSED_VARIABLE = YES;
				MACOSX_DEPLOYMENT_TARGET = 10.11;
				MTL_ENABLE_DEBUG_INFO = YES;
				ONLY_ACTIVE_ARCH = YES;
				SDKROOT = macosx;
			};
			name = Debug;
		};
		C503D6151E4F8AF6005FCA6F /* Release */ = {
			isa = XCBuildConfiguration;
			buildSettings = {
				ALWAYS_SEARCH_USER_PATHS = NO;
				CLANG_ANALYZER_NONNULL = YES;
				CLANG_CXX_LANGUAGE_STANDARD = "c++14";
				CLANG_CXX_LIBRARY = "libc++";
				CLANG_ENABLE_MODULES = YES;
				CLANG_ENABLE_OBJC_ARC = YES;
				CLANG_WARN_BOOL_CONVERSION = YES;
				CLANG_WARN_CONSTANT_CONVERSION = YES;
				CLANG_WARN_DIRECT_OBJC_ISA_USAGE = YES_ERROR;
				CLANG_WARN_DOCUMENTATION_COMMENTS = YES;
				CLANG_WARN_EMPTY_BODY = YES;
				CLANG_WARN_ENUM_CONVERSION = YES;
				CLANG_WARN_INFINITE_RECURSION = YES;
				CLANG_WARN_INT_CONVERSION = YES;
				CLANG_WARN_OBJC_ROOT_CLASS = YES_ERROR;
				CLANG_WARN_SUSPICIOUS_MOVE = YES;
				CLANG_WARN_UNREACHABLE_CODE = YES;
				CLANG_WARN__DUPLICATE_METHOD_MATCH = YES;
				CODE_SIGN_IDENTITY = "-";
				COPY_PHASE_STRIP = NO;
				DEBUG_INFORMATION_FORMAT = "dwarf-with-dsym";
				ENABLE_NS_ASSERTIONS = NO;
				ENABLE_STRICT_OBJC_MSGSEND = YES;
				GCC_C_LANGUAGE_STANDARD = gnu99;
				GCC_NO_COMMON_BLOCKS = YES;
				GCC_WARN_64_TO_32_BIT_CONVERSION = YES;
				GCC_WARN_ABOUT_RETURN_TYPE = YES_ERROR;
				GCC_WARN_UNDECLARED_SELECTOR = YES;
				GCC_WARN_UNINITIALIZED_AUTOS = YES_AGGRESSIVE;
				GCC_WARN_UNUSED_FUNCTION = YES;
				GCC_WARN_UNUSED_VARIABLE = YES;
				MACOSX_DEPLOYMENT_TARGET = 10.11;
				MTL_ENABLE_DEBUG_INFO = NO;
				SDKROOT = macosx;
			};
			name = Release;
		};
		C503D6171E4F8AF6005FCA6F /* Debug */ = {
			isa = XCBuildConfiguration;
			buildSettings = {
				PRODUCT_NAME = "$(TARGET_NAME)";
			};
			name = Debug;
		};
		C503D6181E4F8AF6005FCA6F /* Release */ = {
			isa = XCBuildConfiguration;
			buildSettings = {
				PRODUCT_NAME = "$(TARGET_NAME)";
			};
			name = Release;
		};
/* End XCBuildConfiguration section */

/* Begin XCConfigurationList section */
		C503D60A1E4F8AF6005FCA6F /* Build configuration list for PBXProject "LottoOdds" */ = {
			isa = XCConfigurationList;
			buildConfigurations = (
				C503D6141E4F8AF6005FCA6F /* Debug */,
				C503D6151E4F8AF6005FCA6F /* Release */,
			);
			defaultConfigurationIsVisible = 0;
			defaultConfigurationName = Release;
		};
		C503D6161E4F8AF6005FCA6F /* Build configuration list for PBXNativeTarget "LottoOdds" */ = {
			isa = XCConfigurationList;
			buildConfigurations = (
				C503D6171E4F8AF6005FCA6F /* Debug */,
				C503D6181E4F8AF6005FCA6F /* Release */,
			);
			defaultConfigurationIsVisible = 0;
		};
/* End XCConfigurationList section */
	};
	rootObject = C503D6071E4F8AF6005FCA6F /* Project object */;
}
